
Microsoft Visual Studio Solution File, Format Version 12.00
# Visual Studio Version 16
VisualStudioVersion = 25.0.1706.4
MinimumVisualStudioVersion = 10.0.40219.1
Project("{FAE04EC0-301F-11D3-BF4B-00C04F79EFBC}") = "TelephoneDirectoryApp", "TelephoneDirectoryApp\TelephoneDirectoryApp.csproj", "{90391872-CC10-40C8-BFD6-72A87CE83405}"
EndProject
Project("{FAE04EC0-301F-11D3-BF4B-00C04F79EFBC}") = "telephoneDirectory", "telephoneDirectory\telephoneDirectory.csproj", "{8EF2CA74-0A17-4C36-B314-4D6844C6A380}"
EndProject
Global
	GlobalSection(SolutionConfigurationPlatforms) = preSolution
		Debug|Any CPU = Debug|Any CPU
		Release|Any CPU = Release|Any CPU
	EndGlobalSection
	GlobalSection(ProjectConfigurationPlatforms) = postSolution
		{90391872-CC10-40C8-BFD6-72A87CE83405}.Debug|Any CPU.ActiveCfg = Debug|Any CPU
		{90391872-CC10-40C8-BFD6-72A87CE83405}.Debug|Any CPU.Build.0 = Debug|Any CPU
		{90391872-CC10-40C8-BFD6-72A87CE83405}.Release|Any CPU.ActiveCfg = Release|Any CPU
		{90391872-CC10-40C8-BFD6-72A87CE83405}.Release|Any CPU.Build.0 = Release|Any CPU
		{8EF2CA74-0A17-4C36-B314-4D6844C6A380}.Debug|Any CPU.ActiveCfg = Debug|Any CPU
		{8EF2CA74-0A17-4C36-B314-4D6844C6A380}.Debug|Any CPU.Build.0 = Debug|Any CPU
		{8EF2CA74-0A17-4C36-B314-4D6844C6A380}.Release|Any CPU.ActiveCfg = Release|Any CPU
		{8EF2CA74-0A17-4C36-B314-4D6844C6A380}.Release|Any CPU.Build.0 = Release|Any CPU
	EndGlobalSection
	GlobalSection(SolutionProperties) = preSolution
		HideSolutionNode = FALSE
	EndGlobalSection
	GlobalSection(ExtensibilityGlobals) = postSolution
		SolutionGuid = {ACCDA5FC-01EF-465C-8357-E39F178ACA4A}
	EndGlobalSection
EndGlobal
